// !$*UTF8*$!
{
	archiveVersion = 1;
	classes = {
	};
	objectVersion = 54;
	objects = {

/* Begin PBXBuildFile section */
		00E356F31AD99517003FC87E /* becsportTests.m in Sources */ = {isa = PBXBuildFile; fileRef = 00E356F21AD99517003FC87E /* becsportTests.m */; };
		0C80B921A6F3F58F76C31292 /* libPods-becsport.a in Frameworks */ = {isa = PBXBuildFile; fileRef = 5DCACB8F33CDC322A6C60F78 /* libPods-becsport.a */; };
		13B07FBC1A68108700A75B9A /* AppDelegate.mm in Sources */ = {isa = PBXBuildFile; fileRef = 13B07FB01A68108700A75B9A /* AppDelegate.mm */; };
		13B07FBF1A68108700A75B9A /* Images.xcassets in Resources */ = {isa = PBXBuildFile; fileRef = 13B07FB51A68108700A75B9A /* Images.xcassets */; };
		13B07FC11A68108700A75B9A /* main.m in Sources */ = {isa = PBXBuildFile; fileRef = 13B07FB71A68108700A75B9A /* main.m */; };
		7699B88040F8A987B510C191 /* libPods-becsport-becsportTests.a in Frameworks */ = {isa = PBXBuildFile; fileRef = 19F6CBCC0A4E27FBF8BF4A61 /* libPods-becsport-becsportTests.a */; };
		81AB9BB82411601600AC10FF /* LaunchScreen.storyboard in Resources */ = {isa = PBXBuildFile; fileRef = 81AB9BB72411601600AC10FF /* LaunchScreen.storyboard */; };
		4BD1C90C2749487F91219BC4 /* futura-pt-bold-oblique.ttf in Resources */ = {isa = PBXBuildFile; fileRef = 088F88697026475B9C8ECD7D /* futura-pt-bold-oblique.ttf */; };
		02F566652DE8436D8740D995 /* futura-pt-bold.ttf in Resources */ = {isa = PBXBuildFile; fileRef = 6FE12847360E4CFBB48FB43D /* futura-pt-bold.ttf */; };
		3A46A5FE82D04556A4D04165 /* futura-pt-book-oblique.ttf in Resources */ = {isa = PBXBuildFile; fileRef = 2F815A82741744839C723E2E /* futura-pt-book-oblique.ttf */; };
		F503B8B77B94446E9D06AEFA /* futura-pt-book.ttf in Resources */ = {isa = PBXBuildFile; fileRef = 0CFDAF4DF65E44FAB6C24538 /* futura-pt-book.ttf */; };
		C1866CA25E4B4AC98AB06CC4 /* futura-pt-cond-bold-oblique.ttf in Resources */ = {isa = PBXBuildFile; fileRef = 22D9D80816F94F068B2E64EA /* futura-pt-cond-bold-oblique.ttf */; };
		139B2F6AC262454EBD0D67CA /* futura-pt-cond-bold.ttf in Resources */ = {isa = PBXBuildFile; fileRef = B3958D09C9BF4635A783E4C5 /* futura-pt-cond-bold.ttf */; };
		61A1C36038544A4F9D819F5C /* futura-pt-cond-book-oblique.ttf in Resources */ = {isa = PBXBuildFile; fileRef = 3BE23021ED89455C88DECD95 /* futura-pt-cond-book-oblique.ttf */; };
		9594F71A6AFF40B388EB87E2 /* futura-pt-cond-book.ttf in Resources */ = {isa = PBXBuildFile; fileRef = 49FD6AC3088744A8AAD37D75 /* futura-pt-cond-book.ttf */; };
		85D07F30A0AD43139C591E83 /* futura-pt-cond-extra-bold-oblique.ttf in Resources */ = {isa = PBXBuildFile; fileRef = 2164A98A02FD4A71B489B896 /* futura-pt-cond-extra-bold-oblique.ttf */; };
		F0556D53B30C417E963C377D /* futura-pt-cond-extra-bold.ttf in Resources */ = {isa = PBXBuildFile; fileRef = AD3F5707B6AE42658D461CE8 /* futura-pt-cond-extra-bold.ttf */; };
		6D98A1112D514EBE99C72311 /* futura-pt-cond-medium-oblique.ttf in Resources */ = {isa = PBXBuildFile; fileRef = 21691DA439EF45BEA1F0C9F9 /* futura-pt-cond-medium-oblique.ttf */; };
		7E6C8129277145E7B72833B5 /* futura-pt-cond-medium.ttf in Resources */ = {isa = PBXBuildFile; fileRef = F8F5E15F708940A89FCB6509 /* futura-pt-cond-medium.ttf */; };
		5F10BFFA1D1F4F159D0C67E3 /* futura-pt-demi-oblique.ttf in Resources */ = {isa = PBXBuildFile; fileRef = 990C437F87794C949410207D /* futura-pt-demi-oblique.ttf */; };
		1145F246676142328A367618 /* futura-pt-demi.ttf in Resources */ = {isa = PBXBuildFile; fileRef = FBD69B2DBFB2459C8CF2D4F5 /* futura-pt-demi.ttf */; };
		BFA20E56496E4480989D661B /* futura-pt-extra-bold-oblique.ttf in Resources */ = {isa = PBXBuildFile; fileRef = 9EAF9C9E3E0341E489392B76 /* futura-pt-extra-bold-oblique.ttf */; };
		9579B46489084D9E8FFC9885 /* futura-pt-extra-bold.ttf in Resources */ = {isa = PBXBuildFile; fileRef = D302C474CF144F358F914880 /* futura-pt-extra-bold.ttf */; };
		56CE0CA56B4E4065BDA1A91F /* futura-pt-heavy-oblique.ttf in Resources */ = {isa = PBXBuildFile; fileRef = F5810ED16F544877B8FB1E6A /* futura-pt-heavy-oblique.ttf */; };
		DB6E87253B364F2FBB5348D4 /* futura-pt-heavy.ttf in Resources */ = {isa = PBXBuildFile; fileRef = E52BF85AFEED441CAAAB1AB5 /* futura-pt-heavy.ttf */; };
		A1A058A220DF44C6B0B0523C /* futura-pt-light-oblique.ttf in Resources */ = {isa = PBXBuildFile; fileRef = B590C96E9F96413882B09B3F /* futura-pt-light-oblique.ttf */; };
		18D4A8F33C1B48068780081A /* futura-pt-light.ttf in Resources */ = {isa = PBXBuildFile; fileRef = A38BC270C1E34BEB9C90368C /* futura-pt-light.ttf */; };
		9B4A61CAF8FB495DB48EBBA6 /* futura-pt-medium-oblique.ttf in Resources */ = {isa = PBXBuildFile; fileRef = 90C6F6A86C8946F58D18CC39 /* futura-pt-medium-oblique.ttf */; };
		6BEF1876DE644EFE9E95FABA /* futura-pt-medium.ttf in Resources */ = {isa = PBXBuildFile; fileRef = D5B3C707D1604E65A67251C0 /* futura-pt-medium.ttf */; };
/* End PBXBuildFile section */

/* Begin PBXContainerItemProxy section */
		00E356F41AD99517003FC87E /* PBXContainerItemProxy */ = {
			isa = PBXContainerItemProxy;
			containerPortal = 83CBB9F71A601CBA00E9B192 /* Project object */;
			proxyType = 1;
			remoteGlobalIDString = 13B07F861A680F5B00A75B9A;
			remoteInfo = becsport;
		};
/* End PBXContainerItemProxy section */

/* Begin PBXFileReference section */
		00E356EE1AD99517003FC87E /* becsportTests.xctest */ = {isa = PBXFileReference; explicitFileType = wrapper.cfbundle; includeInIndex = 0; path = becsportTests.xctest; sourceTree = BUILT_PRODUCTS_DIR; };
		00E356F11AD99517003FC87E /* Info.plist */ = {isa = PBXFileReference; lastKnownFileType = text.plist.xml; path = Info.plist; sourceTree = "<group>"; };
		00E356F21AD99517003FC87E /* becsportTests.m */ = {isa = PBXFileReference; lastKnownFileType = sourcecode.c.objc; path = becsportTests.m; sourceTree = "<group>"; };
		13B07F961A680F5B00A75B9A /* becsport.app */ = {isa = PBXFileReference; explicitFileType = wrapper.application; includeInIndex = 0; path = becsport.app; sourceTree = BUILT_PRODUCTS_DIR; };
		13B07FAF1A68108700A75B9A /* AppDelegate.h */ = {isa = PBXFileReference; fileEncoding = 4; lastKnownFileType = sourcecode.c.h; name = AppDelegate.h; path = becsport/AppDelegate.h; sourceTree = "<group>"; };
		13B07FB01A68108700A75B9A /* AppDelegate.mm */ = {isa = PBXFileReference; fileEncoding = 4; lastKnownFileType = sourcecode.cpp.objcpp; name = AppDelegate.mm; path = becsport/AppDelegate.mm; sourceTree = "<group>"; };
		13B07FB51A68108700A75B9A /* Images.xcassets */ = {isa = PBXFileReference; lastKnownFileType = folder.assetcatalog; name = Images.xcassets; path = becsport/Images.xcassets; sourceTree = "<group>"; };
		13B07FB61A68108700A75B9A /* Info.plist */ = {isa = PBXFileReference; fileEncoding = 4; lastKnownFileType = text.plist.xml; name = Info.plist; path = becsport/Info.plist; sourceTree = "<group>"; };
		13B07FB71A68108700A75B9A /* main.m */ = {isa = PBXFileReference; fileEncoding = 4; lastKnownFileType = sourcecode.c.objc; name = main.m; path = becsport/main.m; sourceTree = "<group>"; };
		19F6CBCC0A4E27FBF8BF4A61 /* libPods-becsport-becsportTests.a */ = {isa = PBXFileReference; explicitFileType = archive.ar; includeInIndex = 0; path = "libPods-becsport-becsportTests.a"; sourceTree = BUILT_PRODUCTS_DIR; };
		3B4392A12AC88292D35C810B /* Pods-becsport.debug.xcconfig */ = {isa = PBXFileReference; includeInIndex = 1; lastKnownFileType = text.xcconfig; name = "Pods-becsport.debug.xcconfig"; path = "Target Support Files/Pods-becsport/Pods-becsport.debug.xcconfig"; sourceTree = "<group>"; };
		5709B34CF0A7D63546082F79 /* Pods-becsport.release.xcconfig */ = {isa = PBXFileReference; includeInIndex = 1; lastKnownFileType = text.xcconfig; name = "Pods-becsport.release.xcconfig"; path = "Target Support Files/Pods-becsport/Pods-becsport.release.xcconfig"; sourceTree = "<group>"; };
		5B7EB9410499542E8C5724F5 /* Pods-becsport-becsportTests.debug.xcconfig */ = {isa = PBXFileReference; includeInIndex = 1; lastKnownFileType = text.xcconfig; name = "Pods-becsport-becsportTests.debug.xcconfig"; path = "Target Support Files/Pods-becsport-becsportTests/Pods-becsport-becsportTests.debug.xcconfig"; sourceTree = "<group>"; };
		5DCACB8F33CDC322A6C60F78 /* libPods-becsport.a */ = {isa = PBXFileReference; explicitFileType = archive.ar; includeInIndex = 0; path = "libPods-becsport.a"; sourceTree = BUILT_PRODUCTS_DIR; };
		81AB9BB72411601600AC10FF /* LaunchScreen.storyboard */ = {isa = PBXFileReference; fileEncoding = 4; lastKnownFileType = file.storyboard; name = LaunchScreen.storyboard; path = becsport/LaunchScreen.storyboard; sourceTree = "<group>"; };
		89C6BE57DB24E9ADA2F236DE /* Pods-becsport-becsportTests.release.xcconfig */ = {isa = PBXFileReference; includeInIndex = 1; lastKnownFileType = text.xcconfig; name = "Pods-becsport-becsportTests.release.xcconfig"; path = "Target Support Files/Pods-becsport-becsportTests/Pods-becsport-becsportTests.release.xcconfig"; sourceTree = "<group>"; };
		ED297162215061F000B7C4FE /* JavaScriptCore.framework */ = {isa = PBXFileReference; lastKnownFileType = wrapper.framework; name = JavaScriptCore.framework; path = System/Library/Frameworks/JavaScriptCore.framework; sourceTree = SDKROOT; };
		088F88697026475B9C8ECD7D /* futura-pt-bold-oblique.ttf */ = {isa = PBXFileReference; name = "futura-pt-bold-oblique.ttf"; path = "../assets/fonts/futura-pt-bold-oblique.ttf"; sourceTree = "<group>"; fileEncoding = undefined; lastKnownFileType = unknown; explicitFileType = undefined; includeInIndex = 0; };
		6FE12847360E4CFBB48FB43D /* futura-pt-bold.ttf */ = {isa = PBXFileReference; name = "futura-pt-bold.ttf"; path = "../assets/fonts/futura-pt-bold.ttf"; sourceTree = "<group>"; fileEncoding = undefined; lastKnownFileType = unknown; explicitFileType = undefined; includeInIndex = 0; };
		2F815A82741744839C723E2E /* futura-pt-book-oblique.ttf */ = {isa = PBXFileReference; name = "futura-pt-book-oblique.ttf"; path = "../assets/fonts/futura-pt-book-oblique.ttf"; sourceTree = "<group>"; fileEncoding = undefined; lastKnownFileType = unknown; explicitFileType = undefined; includeInIndex = 0; };
		0CFDAF4DF65E44FAB6C24538 /* futura-pt-book.ttf */ = {isa = PBXFileReference; name = "futura-pt-book.ttf"; path = "../assets/fonts/futura-pt-book.ttf"; sourceTree = "<group>"; fileEncoding = undefined; lastKnownFileType = unknown; explicitFileType = undefined; includeInIndex = 0; };
		22D9D80816F94F068B2E64EA /* futura-pt-cond-bold-oblique.ttf */ = {isa = PBXFileReference; name = "futura-pt-cond-bold-oblique.ttf"; path = "../assets/fonts/futura-pt-cond-bold-oblique.ttf"; sourceTree = "<group>"; fileEncoding = undefined; lastKnownFileType = unknown; explicitFileType = undefined; includeInIndex = 0; };
		B3958D09C9BF4635A783E4C5 /* futura-pt-cond-bold.ttf */ = {isa = PBXFileReference; name = "futura-pt-cond-bold.ttf"; path = "../assets/fonts/futura-pt-cond-bold.ttf"; sourceTree = "<group>"; fileEncoding = undefined; lastKnownFileType = unknown; explicitFileType = undefined; includeInIndex = 0; };
		3BE23021ED89455C88DECD95 /* futura-pt-cond-book-oblique.ttf */ = {isa = PBXFileReference; name = "futura-pt-cond-book-oblique.ttf"; path = "../assets/fonts/futura-pt-cond-book-oblique.ttf"; sourceTree = "<group>"; fileEncoding = undefined; lastKnownFileType = unknown; explicitFileType = undefined; includeInIndex = 0; };
		49FD6AC3088744A8AAD37D75 /* futura-pt-cond-book.ttf */ = {isa = PBXFileReference; name = "futura-pt-cond-book.ttf"; path = "../assets/fonts/futura-pt-cond-book.ttf"; sourceTree = "<group>"; fileEncoding = undefined; lastKnownFileType = unknown; explicitFileType = undefined; includeInIndex = 0; };
		2164A98A02FD4A71B489B896 /* futura-pt-cond-extra-bold-oblique.ttf */ = {isa = PBXFileReference; name = "futura-pt-cond-extra-bold-oblique.ttf"; path = "../assets/fonts/futura-pt-cond-extra-bold-oblique.ttf"; sourceTree = "<group>"; fileEncoding = undefined; lastKnownFileType = unknown; explicitFileType = undefined; includeInIndex = 0; };
		AD3F5707B6AE42658D461CE8 /* futura-pt-cond-extra-bold.ttf */ = {isa = PBXFileReference; name = "futura-pt-cond-extra-bold.ttf"; path = "../assets/fonts/futura-pt-cond-extra-bold.ttf"; sourceTree = "<group>"; fileEncoding = undefined; lastKnownFileType = unknown; explicitFileType = undefined; includeInIndex = 0; };
		21691DA439EF45BEA1F0C9F9 /* futura-pt-cond-medium-oblique.ttf */ = {isa = PBXFileReference; name = "futura-pt-cond-medium-oblique.ttf"; path = "../assets/fonts/futura-pt-cond-medium-oblique.ttf"; sourceTree = "<group>"; fileEncoding = undefined; lastKnownFileType = unknown; explicitFileType = undefined; includeInIndex = 0; };
		F8F5E15F708940A89FCB6509 /* futura-pt-cond-medium.ttf */ = {isa = PBXFileReference; name = "futura-pt-cond-medium.ttf"; path = "../assets/fonts/futura-pt-cond-medium.ttf"; sourceTree = "<group>"; fileEncoding = undefined; lastKnownFileType = unknown; explicitFileType = undefined; includeInIndex = 0; };
		990C437F87794C949410207D /* futura-pt-demi-oblique.ttf */ = {isa = PBXFileReference; name = "futura-pt-demi-oblique.ttf"; path = "../assets/fonts/futura-pt-demi-oblique.ttf"; sourceTree = "<group>"; fileEncoding = undefined; lastKnownFileType = unknown; explicitFileType = undefined; includeInIndex = 0; };
		FBD69B2DBFB2459C8CF2D4F5 /* futura-pt-demi.ttf */ = {isa = PBXFileReference; name = "futura-pt-demi.ttf"; path = "../assets/fonts/futura-pt-demi.ttf"; sourceTree = "<group>"; fileEncoding = undefined; lastKnownFileType = unknown; explicitFileType = undefined; includeInIndex = 0; };
		9EAF9C9E3E0341E489392B76 /* futura-pt-extra-bold-oblique.ttf */ = {isa = PBXFileReference; name = "futura-pt-extra-bold-oblique.ttf"; path = "../assets/fonts/futura-pt-extra-bold-oblique.ttf"; sourceTree = "<group>"; fileEncoding = undefined; lastKnownFileType = unknown; explicitFileType = undefined; includeInIndex = 0; };
		D302C474CF144F358F914880 /* futura-pt-extra-bold.ttf */ = {isa = PBXFileReference; name = "futura-pt-extra-bold.ttf"; path = "../assets/fonts/futura-pt-extra-bold.ttf"; sourceTree = "<group>"; fileEncoding = undefined; lastKnownFileType = unknown; explicitFileType = undefined; includeInIndex = 0; };
		F5810ED16F544877B8FB1E6A /* futura-pt-heavy-oblique.ttf */ = {isa = PBXFileReference; name = "futura-pt-heavy-oblique.ttf"; path = "../assets/fonts/futura-pt-heavy-oblique.ttf"; sourceTree = "<group>"; fileEncoding = undefined; lastKnownFileType = unknown; explicitFileType = undefined; includeInIndex = 0; };
		E52BF85AFEED441CAAAB1AB5 /* futura-pt-heavy.ttf */ = {isa = PBXFileReference; name = "futura-pt-heavy.ttf"; path = "../assets/fonts/futura-pt-heavy.ttf"; sourceTree = "<group>"; fileEncoding = undefined; lastKnownFileType = unknown; explicitFileType = undefined; includeInIndex = 0; };
		B590C96E9F96413882B09B3F /* futura-pt-light-oblique.ttf */ = {isa = PBXFileReference; name = "futura-pt-light-oblique.ttf"; path = "../assets/fonts/futura-pt-light-oblique.ttf"; sourceTree = "<group>"; fileEncoding = undefined; lastKnownFileType = unknown; explicitFileType = undefined; includeInIndex = 0; };
		A38BC270C1E34BEB9C90368C /* futura-pt-light.ttf */ = {isa = PBXFileReference; name = "futura-pt-light.ttf"; path = "../assets/fonts/futura-pt-light.ttf"; sourceTree = "<group>"; fileEncoding = undefined; lastKnownFileType = unknown; explicitFileType = undefined; includeInIndex = 0; };
		90C6F6A86C8946F58D18CC39 /* futura-pt-medium-oblique.ttf */ = {isa = PBXFileReference; name = "futura-pt-medium-oblique.ttf"; path = "../assets/fonts/futura-pt-medium-oblique.ttf"; sourceTree = "<group>"; fileEncoding = undefined; lastKnownFileType = unknown; explicitFileType = undefined; includeInIndex = 0; };
		D5B3C707D1604E65A67251C0 /* futura-pt-medium.ttf */ = {isa = PBXFileReference; name = "futura-pt-medium.ttf"; path = "../assets/fonts/futura-pt-medium.ttf"; sourceTree = "<group>"; fileEncoding = undefined; lastKnownFileType = unknown; explicitFileType = undefined; includeInIndex = 0; };
/* End PBXFileReference section */

/* Begin PBXFrameworksBuildPhase section */
		00E356EB1AD99517003FC87E /* Frameworks */ = {
			isa = PBXFrameworksBuildPhase;
			buildActionMask = 2147483647;
			files = (
				7699B88040F8A987B510C191 /* libPods-becsport-becsportTests.a in Frameworks */,
			);
			runOnlyForDeploymentPostprocessing = 0;
		};
		13B07F8C1A680F5B00A75B9A /* Frameworks */ = {
			isa = PBXFrameworksBuildPhase;
			buildActionMask = 2147483647;
			files = (
				0C80B921A6F3F58F76C31292 /* libPods-becsport.a in Frameworks */,
			);
			runOnlyForDeploymentPostprocessing = 0;
		};
/* End PBXFrameworksBuildPhase section */

/* Begin PBXGroup section */
		00E356EF1AD99517003FC87E /* becsportTests */ = {
			isa = PBXGroup;
			children = (
				00E356F21AD99517003FC87E /* becsportTests.m */,
				00E356F01AD99517003FC87E /* Supporting Files */,
			);
			path = becsportTests;
			sourceTree = "<group>";
		};
		00E356F01AD99517003FC87E /* Supporting Files */ = {
			isa = PBXGroup;
			children = (
				00E356F11AD99517003FC87E /* Info.plist */,
			);
			name = "Supporting Files";
			sourceTree = "<group>";
		};
		13B07FAE1A68108700A75B9A /* becsport */ = {
			isa = PBXGroup;
			children = (
				13B07FAF1A68108700A75B9A /* AppDelegate.h */,
				13B07FB01A68108700A75B9A /* AppDelegate.mm */,
				13B07FB51A68108700A75B9A /* Images.xcassets */,
				13B07FB61A68108700A75B9A /* Info.plist */,
				81AB9BB72411601600AC10FF /* LaunchScreen.storyboard */,
				13B07FB71A68108700A75B9A /* main.m */,
			);
			name = becsport;
			sourceTree = "<group>";
		};
		2D16E6871FA4F8E400B85C8A /* Frameworks */ = {
			isa = PBXGroup;
			children = (
				ED297162215061F000B7C4FE /* JavaScriptCore.framework */,
				5DCACB8F33CDC322A6C60F78 /* libPods-becsport.a */,
				19F6CBCC0A4E27FBF8BF4A61 /* libPods-becsport-becsportTests.a */,
			);
			name = Frameworks;
			sourceTree = "<group>";
		};
		832341AE1AAA6A7D00B99B32 /* Libraries */ = {
			isa = PBXGroup;
			children = (
			);
			name = Libraries;
			sourceTree = "<group>";
		};
		83CBB9F61A601CBA00E9B192 = {
			isa = PBXGroup;
			children = (
				13B07FAE1A68108700A75B9A /* becsport */,
				832341AE1AAA6A7D00B99B32 /* Libraries */,
				00E356EF1AD99517003FC87E /* becsportTests */,
				83CBBA001A601CBA00E9B192 /* Products */,
				2D16E6871FA4F8E400B85C8A /* Frameworks */,
				BBD78D7AC51CEA395F1C20DB /* Pods */,
				EEB75FF1A0B142AFABF30248 /* Resources */,
			);
			indentWidth = 2;
			sourceTree = "<group>";
			tabWidth = 2;
			usesTabs = 0;
		};
		83CBBA001A601CBA00E9B192 /* Products */ = {
			isa = PBXGroup;
			children = (
				13B07F961A680F5B00A75B9A /* becsport.app */,
				00E356EE1AD99517003FC87E /* becsportTests.xctest */,
			);
			name = Products;
			sourceTree = "<group>";
		};
		BBD78D7AC51CEA395F1C20DB /* Pods */ = {
			isa = PBXGroup;
			children = (
				3B4392A12AC88292D35C810B /* Pods-becsport.debug.xcconfig */,
				5709B34CF0A7D63546082F79 /* Pods-becsport.release.xcconfig */,
				5B7EB9410499542E8C5724F5 /* Pods-becsport-becsportTests.debug.xcconfig */,
				89C6BE57DB24E9ADA2F236DE /* Pods-becsport-becsportTests.release.xcconfig */,
			);
			path = Pods;
			sourceTree = "<group>";
		};
		EEB75FF1A0B142AFABF30248 /* Resources */ = {
			isa = "PBXGroup";
			children = (
				088F88697026475B9C8ECD7D /* futura-pt-bold-oblique.ttf */,
				6FE12847360E4CFBB48FB43D /* futura-pt-bold.ttf */,
				2F815A82741744839C723E2E /* futura-pt-book-oblique.ttf */,
				0CFDAF4DF65E44FAB6C24538 /* futura-pt-book.ttf */,
				22D9D80816F94F068B2E64EA /* futura-pt-cond-bold-oblique.ttf */,
				B3958D09C9BF4635A783E4C5 /* futura-pt-cond-bold.ttf */,
				3BE23021ED89455C88DECD95 /* futura-pt-cond-book-oblique.ttf */,
				49FD6AC3088744A8AAD37D75 /* futura-pt-cond-book.ttf */,
				2164A98A02FD4A71B489B896 /* futura-pt-cond-extra-bold-oblique.ttf */,
				AD3F5707B6AE42658D461CE8 /* futura-pt-cond-extra-bold.ttf */,
				21691DA439EF45BEA1F0C9F9 /* futura-pt-cond-medium-oblique.ttf */,
				F8F5E15F708940A89FCB6509 /* futura-pt-cond-medium.ttf */,
				990C437F87794C949410207D /* futura-pt-demi-oblique.ttf */,
				FBD69B2DBFB2459C8CF2D4F5 /* futura-pt-demi.ttf */,
				9EAF9C9E3E0341E489392B76 /* futura-pt-extra-bold-oblique.ttf */,
				D302C474CF144F358F914880 /* futura-pt-extra-bold.ttf */,
				F5810ED16F544877B8FB1E6A /* futura-pt-heavy-oblique.ttf */,
				E52BF85AFEED441CAAAB1AB5 /* futura-pt-heavy.ttf */,
				B590C96E9F96413882B09B3F /* futura-pt-light-oblique.ttf */,
				A38BC270C1E34BEB9C90368C /* futura-pt-light.ttf */,
				90C6F6A86C8946F58D18CC39 /* futura-pt-medium-oblique.ttf */,
				D5B3C707D1604E65A67251C0 /* futura-pt-medium.ttf */,
			);
			name = Resources;
			sourceTree = "<group>";
			path = "";
		};
/* End PBXGroup section */

/* Begin PBXNativeTarget section */
		00E356ED1AD99517003FC87E /* becsportTests */ = {
			isa = PBXNativeTarget;
			buildConfigurationList = 00E357021AD99517003FC87E /* Build configuration list for PBXNativeTarget "becsportTests" */;
			buildPhases = (
				A55EABD7B0C7F3A422A6CC61 /* [CP] Check Pods Manifest.lock */,
				00E356EA1AD99517003FC87E /* Sources */,
				00E356EB1AD99517003FC87E /* Frameworks */,
				00E356EC1AD99517003FC87E /* Resources */,
				C59DA0FBD6956966B86A3779 /* [CP] Embed Pods Frameworks */,
				F6A41C54EA430FDDC6A6ED99 /* [CP] Copy Pods Resources */,
			);
			buildRules = (
			);
			dependencies = (
				00E356F51AD99517003FC87E /* PBXTargetDependency */,
			);
			name = becsportTests;
			productName = becsportTests;
			productReference = 00E356EE1AD99517003FC87E /* becsportTests.xctest */;
			productType = "com.apple.product-type.bundle.unit-test";
		};
		13B07F861A680F5B00A75B9A /* becsport */ = {
			isa = PBXNativeTarget;
			buildConfigurationList = 13B07F931A680F5B00A75B9A /* Build configuration list for PBXNativeTarget "becsport" */;
			buildPhases = (
				C38B50BA6285516D6DCD4F65 /* [CP] Check Pods Manifest.lock */,
				13B07F871A680F5B00A75B9A /* Sources */,
				13B07F8C1A680F5B00A75B9A /* Frameworks */,
				13B07F8E1A680F5B00A75B9A /* Resources */,
				00DD1BFF1BD5951E006B06BC /* Bundle React Native code and images */,
				00EEFC60759A1932668264C0 /* [CP] Embed Pods Frameworks */,
				E235C05ADACE081382539298 /* [CP] Copy Pods Resources */,
			);
			buildRules = (
			);
			dependencies = (
			);
			name = becsport;
			productName = becsport;
			productReference = 13B07F961A680F5B00A75B9A /* becsport.app */;
			productType = "com.apple.product-type.application";
		};
/* End PBXNativeTarget section */

/* Begin PBXProject section */
		83CBB9F71A601CBA00E9B192 /* Project object */ = {
			isa = PBXProject;
			attributes = {
				LastUpgradeCheck = 1210;
				TargetAttributes = {
					00E356ED1AD99517003FC87E = {
						CreatedOnToolsVersion = 6.2;
						TestTargetID = 13B07F861A680F5B00A75B9A;
					};
					13B07F861A680F5B00A75B9A = {
						LastSwiftMigration = 1120;
					};
				};
			};
			buildConfigurationList = 83CBB9FA1A601CBA00E9B192 /* Build configuration list for PBXProject "becsport" */;
			compatibilityVersion = "Xcode 12.0";
			developmentRegion = en;
			hasScannedForEncodings = 0;
			knownRegions = (
				en,
				Base,
			);
			mainGroup = 83CBB9F61A601CBA00E9B192;
			productRefGroup = 83CBBA001A601CBA00E9B192 /* Products */;
			projectDirPath = "";
			projectRoot = "";
			targets = (
				13B07F861A680F5B00A75B9A /* becsport */,
				00E356ED1AD99517003FC87E /* becsportTests */,
			);
		};
/* End PBXProject section */

/* Begin PBXResourcesBuildPhase section */
		00E356EC1AD99517003FC87E /* Resources */ = {
			isa = PBXResourcesBuildPhase;
			buildActionMask = 2147483647;
			files = (
			);
			runOnlyForDeploymentPostprocessing = 0;
		};
		13B07F8E1A680F5B00A75B9A /* Resources */ = {
			isa = PBXResourcesBuildPhase;
			buildActionMask = 2147483647;
			files = (
				81AB9BB82411601600AC10FF /* LaunchScreen.storyboard in Resources */,
				13B07FBF1A68108700A75B9A /* Images.xcassets in Resources */,
				4BD1C90C2749487F91219BC4 /* futura-pt-bold-oblique.ttf in Resources */,
				02F566652DE8436D8740D995 /* futura-pt-bold.ttf in Resources */,
				3A46A5FE82D04556A4D04165 /* futura-pt-book-oblique.ttf in Resources */,
				F503B8B77B94446E9D06AEFA /* futura-pt-book.ttf in Resources */,
				C1866CA25E4B4AC98AB06CC4 /* futura-pt-cond-bold-oblique.ttf in Resources */,
				139B2F6AC262454EBD0D67CA /* futura-pt-cond-bold.ttf in Resources */,
				61A1C36038544A4F9D819F5C /* futura-pt-cond-book-oblique.ttf in Resources */,
				9594F71A6AFF40B388EB87E2 /* futura-pt-cond-book.ttf in Resources */,
				85D07F30A0AD43139C591E83 /* futura-pt-cond-extra-bold-oblique.ttf in Resources */,
				F0556D53B30C417E963C377D /* futura-pt-cond-extra-bold.ttf in Resources */,
				6D98A1112D514EBE99C72311 /* futura-pt-cond-medium-oblique.ttf in Resources */,
				7E6C8129277145E7B72833B5 /* futura-pt-cond-medium.ttf in Resources */,
				5F10BFFA1D1F4F159D0C67E3 /* futura-pt-demi-oblique.ttf in Resources */,
				1145F246676142328A367618 /* futura-pt-demi.ttf in Resources */,
				BFA20E56496E4480989D661B /* futura-pt-extra-bold-oblique.ttf in Resources */,
				9579B46489084D9E8FFC9885 /* futura-pt-extra-bold.ttf in Resources */,
				56CE0CA56B4E4065BDA1A91F /* futura-pt-heavy-oblique.ttf in Resources */,
				DB6E87253B364F2FBB5348D4 /* futura-pt-heavy.ttf in Resources */,
				A1A058A220DF44C6B0B0523C /* futura-pt-light-oblique.ttf in Resources */,
				18D4A8F33C1B48068780081A /* futura-pt-light.ttf in Resources */,
				9B4A61CAF8FB495DB48EBBA6 /* futura-pt-medium-oblique.ttf in Resources */,
				6BEF1876DE644EFE9E95FABA /* futura-pt-medium.ttf in Resources */,
			);
			runOnlyForDeploymentPostprocessing = 0;
		};
/* End PBXResourcesBuildPhase section */

/* Begin PBXShellScriptBuildPhase section */
		00DD1BFF1BD5951E006B06BC /* Bundle React Native code and images */ = {
			isa = PBXShellScriptBuildPhase;
			buildActionMask = 2147483647;
			files = (
			);
			inputPaths = (
				"$(SRCROOT)/.xcode.env.local",
				"$(SRCROOT)/.xcode.env",
			);
			name = "Bundle React Native code and images";
			outputPaths = (
			);
			runOnlyForDeploymentPostprocessing = 0;
			shellPath = /bin/sh;
			shellScript = "set -e\n\nWITH_ENVIRONMENT=\"../node_modules/react-native/scripts/xcode/with-environment.sh\"\nREACT_NATIVE_XCODE=\"../node_modules/react-native/scripts/react-native-xcode.sh\"\n\n/bin/sh -c \"$WITH_ENVIRONMENT $REACT_NATIVE_XCODE\"\n";
		};
		00EEFC60759A1932668264C0 /* [CP] Embed Pods Frameworks */ = {
			isa = PBXShellScriptBuildPhase;
			buildActionMask = 2147483647;
			files = (
			);
			inputFileListPaths = (
				"${PODS_ROOT}/Target Support Files/Pods-becsport/Pods-becsport-frameworks-${CONFIGURATION}-input-files.xcfilelist",
			);
			name = "[CP] Embed Pods Frameworks";
			outputFileListPaths = (
				"${PODS_ROOT}/Target Support Files/Pods-becsport/Pods-becsport-frameworks-${CONFIGURATION}-output-files.xcfilelist",
			);
			runOnlyForDeploymentPostprocessing = 0;
			shellPath = /bin/sh;
			shellScript = "\"${PODS_ROOT}/Target Support Files/Pods-becsport/Pods-becsport-frameworks.sh\"\n";
			showEnvVarsInLog = 0;
		};
		A55EABD7B0C7F3A422A6CC61 /* [CP] Check Pods Manifest.lock */ = {
			isa = PBXShellScriptBuildPhase;
			buildActionMask = 2147483647;
			files = (
			);
			inputFileListPaths = (
			);
			inputPaths = (
				"${PODS_PODFILE_DIR_PATH}/Podfile.lock",
				"${PODS_ROOT}/Manifest.lock",
			);
			name = "[CP] Check Pods Manifest.lock";
			outputFileListPaths = (
			);
			outputPaths = (
				"$(DERIVED_FILE_DIR)/Pods-becsport-becsportTests-checkManifestLockResult.txt",
			);
			runOnlyForDeploymentPostprocessing = 0;
			shellPath = /bin/sh;
			shellScript = "diff \"${PODS_PODFILE_DIR_PATH}/Podfile.lock\" \"${PODS_ROOT}/Manifest.lock\" > /dev/null\nif [ $? != 0 ] ; then\n    # print error to STDERR\n    echo \"error: The sandbox is not in sync with the Podfile.lock. Run 'pod install' or update your CocoaPods installation.\" >&2\n    exit 1\nfi\n# This output is used by Xcode 'outputs' to avoid re-running this script phase.\necho \"SUCCESS\" > \"${SCRIPT_OUTPUT_FILE_0}\"\n";
			showEnvVarsInLog = 0;
		};
		C38B50BA6285516D6DCD4F65 /* [CP] Check Pods Manifest.lock */ = {
			isa = PBXShellScriptBuildPhase;
			buildActionMask = 2147483647;
			files = (
			);
			inputFileListPaths = (
			);
			inputPaths = (
				"${PODS_PODFILE_DIR_PATH}/Podfile.lock",
				"${PODS_ROOT}/Manifest.lock",
			);
			name = "[CP] Check Pods Manifest.lock";
			outputFileListPaths = (
			);
			outputPaths = (
				"$(DERIVED_FILE_DIR)/Pods-becsport-checkManifestLockResult.txt",
			);
			runOnlyForDeploymentPostprocessing = 0;
			shellPath = /bin/sh;
			shellScript = "diff \"${PODS_PODFILE_DIR_PATH}/Podfile.lock\" \"${PODS_ROOT}/Manifest.lock\" > /dev/null\nif [ $? != 0 ] ; then\n    # print error to STDERR\n    echo \"error: The sandbox is not in sync with the Podfile.lock. Run 'pod install' or update your CocoaPods installation.\" >&2\n    exit 1\nfi\n# This output is used by Xcode 'outputs' to avoid re-running this script phase.\necho \"SUCCESS\" > \"${SCRIPT_OUTPUT_FILE_0}\"\n";
			showEnvVarsInLog = 0;
		};
		C59DA0FBD6956966B86A3779 /* [CP] Embed Pods Frameworks */ = {
			isa = PBXShellScriptBuildPhase;
			buildActionMask = 2147483647;
			files = (
			);
			inputFileListPaths = (
				"${PODS_ROOT}/Target Support Files/Pods-becsport-becsportTests/Pods-becsport-becsportTests-frameworks-${CONFIGURATION}-input-files.xcfilelist",
			);
			name = "[CP] Embed Pods Frameworks";
			outputFileListPaths = (
				"${PODS_ROOT}/Target Support Files/Pods-becsport-becsportTests/Pods-becsport-becsportTests-frameworks-${CONFIGURATION}-output-files.xcfilelist",
			);
			runOnlyForDeploymentPostprocessing = 0;
			shellPath = /bin/sh;
			shellScript = "\"${PODS_ROOT}/Target Support Files/Pods-becsport-becsportTests/Pods-becsport-becsportTests-frameworks.sh\"\n";
			showEnvVarsInLog = 0;
		};
		E235C05ADACE081382539298 /* [CP] Copy Pods Resources */ = {
			isa = PBXShellScriptBuildPhase;
			buildActionMask = 2147483647;
			files = (
			);
			inputFileListPaths = (
				"${PODS_ROOT}/Target Support Files/Pods-becsport/Pods-becsport-resources-${CONFIGURATION}-input-files.xcfilelist",
			);
			name = "[CP] Copy Pods Resources";
			outputFileListPaths = (
				"${PODS_ROOT}/Target Support Files/Pods-becsport/Pods-becsport-resources-${CONFIGURATION}-output-files.xcfilelist",
			);
			runOnlyForDeploymentPostprocessing = 0;
			shellPath = /bin/sh;
			shellScript = "\"${PODS_ROOT}/Target Support Files/Pods-becsport/Pods-becsport-resources.sh\"\n";
			showEnvVarsInLog = 0;
		};
		F6A41C54EA430FDDC6A6ED99 /* [CP] Copy Pods Resources */ = {
			isa = PBXShellScriptBuildPhase;
			buildActionMask = 2147483647;
			files = (
			);
			inputFileListPaths = (
				"${PODS_ROOT}/Target Support Files/Pods-becsport-becsportTests/Pods-becsport-becsportTests-resources-${CONFIGURATION}-input-files.xcfilelist",
			);
			name = "[CP] Copy Pods Resources";
			outputFileListPaths = (
				"${PODS_ROOT}/Target Support Files/Pods-becsport-becsportTests/Pods-becsport-becsportTests-resources-${CONFIGURATION}-output-files.xcfilelist",
			);
			runOnlyForDeploymentPostprocessing = 0;
			shellPath = /bin/sh;
			shellScript = "\"${PODS_ROOT}/Target Support Files/Pods-becsport-becsportTests/Pods-becsport-becsportTests-resources.sh\"\n";
			showEnvVarsInLog = 0;
		};
/* End PBXShellScriptBuildPhase section */

/* Begin PBXSourcesBuildPhase section */
		00E356EA1AD99517003FC87E /* Sources */ = {
			isa = PBXSourcesBuildPhase;
			buildActionMask = 2147483647;
			files = (
				00E356F31AD99517003FC87E /* becsportTests.m in Sources */,
			);
			runOnlyForDeploymentPostprocessing = 0;
		};
		13B07F871A680F5B00A75B9A /* Sources */ = {
			isa = PBXSourcesBuildPhase;
			buildActionMask = 2147483647;
			files = (
				13B07FBC1A68108700A75B9A /* AppDelegate.mm in Sources */,
				13B07FC11A68108700A75B9A /* main.m in Sources */,
			);
			runOnlyForDeploymentPostprocessing = 0;
		};
/* End PBXSourcesBuildPhase section */

/* Begin PBXTargetDependency section */
		00E356F51AD99517003FC87E /* PBXTargetDependency */ = {
			isa = PBXTargetDependency;
			target = 13B07F861A680F5B00A75B9A /* becsport */;
			targetProxy = 00E356F41AD99517003FC87E /* PBXContainerItemProxy */;
		};
/* End PBXTargetDependency section */

/* Begin XCBuildConfiguration section */
		00E356F61AD99517003FC87E /* Debug */ = {
			isa = XCBuildConfiguration;
			baseConfigurationReference = 5B7EB9410499542E8C5724F5 /* Pods-becsport-becsportTests.debug.xcconfig */;
			buildSettings = {
				BUNDLE_LOADER = "$(TEST_HOST)";
				GCC_PREPROCESSOR_DEFINITIONS = (
					"DEBUG=1",
					"$(inherited)",
				);
				INFOPLIST_FILE = becsportTests/Info.plist;
				IPHONEOS_DEPLOYMENT_TARGET = 13.4;
				LD_RUNPATH_SEARCH_PATHS = (
					"$(inherited)",
					"@executable_path/Frameworks",
					"@loader_path/Frameworks",
				);
				OTHER_LDFLAGS = (
					"-ObjC",
					"-lc++",
					"$(inherited)",
				);
				PRODUCT_BUNDLE_IDENTIFIER = "org.reactjs.native.example.$(PRODUCT_NAME:rfc1034identifier)";
				PRODUCT_NAME = "$(TARGET_NAME)";
				TEST_HOST = "$(BUILT_PRODUCTS_DIR)/becsport.app/becsport";
			};
			name = Debug;
		};
		00E356F71AD99517003FC87E /* Release */ = {
			isa = XCBuildConfiguration;
			baseConfigurationReference = 89C6BE57DB24E9ADA2F236DE /* Pods-becsport-becsportTests.release.xcconfig */;
			buildSettings = {
				BUNDLE_LOADER = "$(TEST_HOST)";
				COPY_PHASE_STRIP = NO;
				INFOPLIST_FILE = becsportTests/Info.plist;
				IPHONEOS_DEPLOYMENT_TARGET = 13.4;
				LD_RUNPATH_SEARCH_PATHS = (
					"$(inherited)",
					"@executable_path/Frameworks",
					"@loader_path/Frameworks",
				);
				OTHER_LDFLAGS = (
					"-ObjC",
					"-lc++",
					"$(inherited)",
				);
				PRODUCT_BUNDLE_IDENTIFIER = "org.reactjs.native.example.$(PRODUCT_NAME:rfc1034identifier)";
				PRODUCT_NAME = "$(TARGET_NAME)";
				TEST_HOST = "$(BUILT_PRODUCTS_DIR)/becsport.app/becsport";
			};
			name = Release;
		};
		13B07F941A680F5B00A75B9A /* Debug */ = {
			isa = XCBuildConfiguration;
			baseConfigurationReference = 3B4392A12AC88292D35C810B /* Pods-becsport.debug.xcconfig */;
			buildSettings = {
				ASSETCATALOG_COMPILER_APPICON_NAME = AppIcon;
				CLANG_ENABLE_MODULES = YES;
				CURRENT_PROJECT_VERSION = 1;
				ENABLE_BITCODE = NO;
				INFOPLIST_FILE = becsport/Info.plist;
				LD_RUNPATH_SEARCH_PATHS = (
					"$(inherited)",
					"@executable_path/Frameworks",
				);
				MARKETING_VERSION = 1.0;
				OTHER_LDFLAGS = (
					"$(inherited)",
					"-ObjC",
					"-lc++",
				);
				PRODUCT_BUNDLE_IDENTIFIER = "org.reactjs.native.example.$(PRODUCT_NAME:rfc1034identifier)";
				PRODUCT_NAME = becsport;
				SWIFT_OPTIMIZATION_LEVEL = "-Onone";
				SWIFT_VERSION = 5.0;
				VERSIONING_SYSTEM = "apple-generic";
			};
			name = Debug;
		};
		13B07F951A680F5B00A75B9A /* Release */ = {
			isa = XCBuildConfiguration;
			baseConfigurationReference = 5709B34CF0A7D63546082F79 /* Pods-becsport.release.xcconfig */;
			buildSettings = {
				ASSETCATALOG_COMPILER_APPICON_NAME = AppIcon;
				CLANG_ENABLE_MODULES = YES;
				CURRENT_PROJECT_VERSION = 1;
				INFOPLIST_FILE = becsport/Info.plist;
				LD_RUNPATH_SEARCH_PATHS = (
					"$(inherited)",
					"@executable_path/Frameworks",
				);
				MARKETING_VERSION = 1.0;
				OTHER_LDFLAGS = (
					"$(inherited)",
					"-ObjC",
					"-lc++",
				);
				PRODUCT_BUNDLE_IDENTIFIER = "org.reactjs.native.example.$(PRODUCT_NAME:rfc1034identifier)";
				PRODUCT_NAME = becsport;
				SWIFT_VERSION = 5.0;
				VERSIONING_SYSTEM = "apple-generic";
			};
			name = Release;
		};
		83CBBA201A601CBA00E9B192 /* Debug */ = {
			isa = XCBuildConfiguration;
			buildSettings = {
				ALWAYS_SEARCH_USER_PATHS = NO;
				CLANG_ANALYZER_LOCALIZABILITY_NONLOCALIZED = YES;
				CLANG_CXX_LANGUAGE_STANDARD = "c++20";
				CLANG_CXX_LIBRARY = "libc++";
				CLANG_ENABLE_MODULES = YES;
				CLANG_ENABLE_OBJC_ARC = YES;
				CLANG_WARN_BLOCK_CAPTURE_AUTORELEASING = YES;
				CLANG_WARN_BOOL_CONVERSION = YES;
				CLANG_WARN_COMMA = YES;
				CLANG_WARN_CONSTANT_CONVERSION = YES;
				CLANG_WARN_DEPRECATED_OBJC_IMPLEMENTATIONS = YES;
				CLANG_WARN_DIRECT_OBJC_ISA_USAGE = YES_ERROR;
				CLANG_WARN_EMPTY_BODY = YES;
				CLANG_WARN_ENUM_CONVERSION = YES;
				CLANG_WARN_INFINITE_RECURSION = YES;
				CLANG_WARN_INT_CONVERSION = YES;
				CLANG_WARN_NON_LITERAL_NULL_CONVERSION = YES;
				CLANG_WARN_OBJC_IMPLICIT_RETAIN_SELF = YES;
				CLANG_WARN_OBJC_LITERAL_CONVERSION = YES;
				CLANG_WARN_OBJC_ROOT_CLASS = YES_ERROR;
				CLANG_WARN_QUOTED_INCLUDE_IN_FRAMEWORK_HEADER = YES;
				CLANG_WARN_RANGE_LOOP_ANALYSIS = YES;
				CLANG_WARN_STRICT_PROTOTYPES = YES;
				CLANG_WARN_SUSPICIOUS_MOVE = YES;
				CLANG_WARN_UNREACHABLE_CODE = YES;
				CLANG_WARN__DUPLICATE_METHOD_MATCH = YES;
				"CODE_SIGN_IDENTITY[sdk=iphoneos*]" = "iPhone Developer";
				COPY_PHASE_STRIP = NO;
				ENABLE_STRICT_OBJC_MSGSEND = YES;
				ENABLE_TESTABILITY = YES;
				"EXCLUDED_ARCHS[sdk=iphonesimulator*]" = i386;
				GCC_C_LANGUAGE_STANDARD = gnu99;
				GCC_DYNAMIC_NO_PIC = NO;
				GCC_NO_COMMON_BLOCKS = YES;
				GCC_OPTIMIZATION_LEVEL = 0;
				GCC_PREPROCESSOR_DEFINITIONS = (
					"DEBUG=1",
					"$(inherited)",
				);
				GCC_SYMBOLS_PRIVATE_EXTERN = NO;
				GCC_WARN_64_TO_32_BIT_CONVERSION = YES;
				GCC_WARN_ABOUT_RETURN_TYPE = YES_ERROR;
				GCC_WARN_UNDECLARED_SELECTOR = YES;
				GCC_WARN_UNINITIALIZED_AUTOS = YES_AGGRESSIVE;
				GCC_WARN_UNUSED_FUNCTION = YES;
				GCC_WARN_UNUSED_VARIABLE = YES;
				IPHONEOS_DEPLOYMENT_TARGET = 13.4;
				LD_RUNPATH_SEARCH_PATHS = (
					/usr/lib/swift,
					"$(inherited)",
				);
				LIBRARY_SEARCH_PATHS = (
					"\"$(SDKROOT)/usr/lib/swift\"",
					"\"$(TOOLCHAIN_DIR)/usr/lib/swift/$(PLATFORM_NAME)\"",
					"\"$(inherited)\"",
				);
				MTL_ENABLE_DEBUG_INFO = YES;
				ONLY_ACTIVE_ARCH = YES;
				OTHER_CFLAGS = "$(inherited)";
				OTHER_CPLUSPLUSFLAGS = (
					"$(OTHER_CFLAGS)",
					"-DFOLLY_NO_CONFIG",
					"-DFOLLY_MOBILE=1",
					"-DFOLLY_USE_LIBCPP=1",
					"-DFOLLY_CFG_NO_COROUTINES=1",
				);
				OTHER_LDFLAGS = (
					"$(inherited)",
					"-Wl",
					"-ld_classic",
				);
				REACT_NATIVE_PATH = "${PODS_ROOT}/../../node_modules/react-native";
				SDKROOT = iphoneos;
				USE_HERMES = true;
			};
			name = Debug;
		};
		83CBBA211A601CBA00E9B192 /* Release */ = {
			isa = XCBuildConfiguration;
			buildSettings = {
				ALWAYS_SEARCH_USER_PATHS = NO;
				CLANG_ANALYZER_LOCALIZABILITY_NONLOCALIZED = YES;
				CLANG_CXX_LANGUAGE_STANDARD = "c++20";
				CLANG_CXX_LIBRARY = "libc++";
				CLANG_ENABLE_MODULES = YES;
				CLANG_ENABLE_OBJC_ARC = YES;
				CLANG_WARN_BLOCK_CAPTURE_AUTORELEASING = YES;
				CLANG_WARN_BOOL_CONVERSION = YES;
				CLANG_WARN_COMMA = YES;
				CLANG_WARN_CONSTANT_CONVERSION = YES;
				CLANG_WARN_DEPRECATED_OBJC_IMPLEMENTATIONS = YES;
				CLANG_WARN_DIRECT_OBJC_ISA_USAGE = YES_ERROR;
				CLANG_WARN_EMPTY_BODY = YES;
				CLANG_WARN_ENUM_CONVERSION = YES;
				CLANG_WARN_INFINITE_RECURSION = YES;
				CLANG_WARN_INT_CONVERSION = YES;
				CLANG_WARN_NON_LITERAL_NULL_CONVERSION = YES;
				CLANG_WARN_OBJC_IMPLICIT_RETAIN_SELF = YES;
				CLANG_WARN_OBJC_LITERAL_CONVERSION = YES;
				CLANG_WARN_OBJC_ROOT_CLASS = YES_ERROR;
				CLANG_WARN_QUOTED_INCLUDE_IN_FRAMEWORK_HEADER = YES;
				CLANG_WARN_RANGE_LOOP_ANALYSIS = YES;
				CLANG_WARN_STRICT_PROTOTYPES = YES;
				CLANG_WARN_SUSPICIOUS_MOVE = YES;
				CLANG_WARN_UNREACHABLE_CODE = YES;
				CLANG_WARN__DUPLICATE_METHOD_MATCH = YES;
				"CODE_SIGN_IDENTITY[sdk=iphoneos*]" = "iPhone Developer";
				COPY_PHASE_STRIP = YES;
				ENABLE_NS_ASSERTIONS = NO;
				ENABLE_STRICT_OBJC_MSGSEND = YES;
				"EXCLUDED_ARCHS[sdk=iphonesimulator*]" = i386;
				GCC_C_LANGUAGE_STANDARD = gnu99;
				GCC_NO_COMMON_BLOCKS = YES;
				GCC_WARN_64_TO_32_BIT_CONVERSION = YES;
				GCC_WARN_ABOUT_RETURN_TYPE = YES_ERROR;
				GCC_WARN_UNDECLARED_SELECTOR = YES;
				GCC_WARN_UNINITIALIZED_AUTOS = YES_AGGRESSIVE;
				GCC_WARN_UNUSED_FUNCTION = YES;
				GCC_WARN_UNUSED_VARIABLE = YES;
				IPHONEOS_DEPLOYMENT_TARGET = 13.4;
				LD_RUNPATH_SEARCH_PATHS = (
					/usr/lib/swift,
					"$(inherited)",
				);
				LIBRARY_SEARCH_PATHS = (
					"\"$(SDKROOT)/usr/lib/swift\"",
					"\"$(TOOLCHAIN_DIR)/usr/lib/swift/$(PLATFORM_NAME)\"",
					"\"$(inherited)\"",
				);
				MTL_ENABLE_DEBUG_INFO = NO;
				OTHER_CFLAGS = "$(inherited)";
				OTHER_CPLUSPLUSFLAGS = (
					"$(OTHER_CFLAGS)",
					"-DFOLLY_NO_CONFIG",
					"-DFOLLY_MOBILE=1",
					"-DFOLLY_USE_LIBCPP=1",
					"-DFOLLY_CFG_NO_COROUTINES=1",
				);
				OTHER_LDFLAGS = (
					"$(inherited)",
					"-Wl",
					"-ld_classic",
				);
				REACT_NATIVE_PATH = "${PODS_ROOT}/../../node_modules/react-native";
				SDKROOT = iphoneos;
				USE_HERMES = true;
				VALIDATE_PRODUCT = YES;
			};
			name = Release;
		};
/* End XCBuildConfiguration section */

/* Begin XCConfigurationList section */
		00E357021AD99517003FC87E /* Build configuration list for PBXNativeTarget "becsportTests" */ = {
			isa = XCConfigurationList;
			buildConfigurations = (
				00E356F61AD99517003FC87E /* Debug */,
				00E356F71AD99517003FC87E /* Release */,
			);
			defaultConfigurationIsVisible = 0;
			defaultConfigurationName = Release;
		};
		13B07F931A680F5B00A75B9A /* Build configuration list for PBXNativeTarget "becsport" */ = {
			isa = XCConfigurationList;
			buildConfigurations = (
				13B07F941A680F5B00A75B9A /* Debug */,
				13B07F951A680F5B00A75B9A /* Release */,
			);
			defaultConfigurationIsVisible = 0;
			defaultConfigurationName = Release;
		};
		83CBB9FA1A601CBA00E9B192 /* Build configuration list for PBXProject "becsport" */ = {
			isa = XCConfigurationList;
			buildConfigurations = (
				83CBBA201A601CBA00E9B192 /* Debug */,
				83CBBA211A601CBA00E9B192 /* Release */,
			);
			defaultConfigurationIsVisible = 0;
			defaultConfigurationName = Release;
		};
/* End XCConfigurationList section */
	};
	rootObject = 83CBB9F71A601CBA00E9B192 /* Project object */;
}
